
Microsoft Visual Studio Solution File, Format Version 12.00
# Visual Studio 15
VisualStudioVersion = 15.0.27428.2015
MinimumVisualStudioVersion = 10.0.40219.1
Project("{FAE04EC0-301F-11D3-BF4B-00C04F79EFBC}") = "MNproject", "MNproject\MNproject.csproj", "{F6F6DE66-B5C6-43B1-B473-E7354AE15AFE}"
EndProject
Global
	GlobalSection(SolutionConfigurationPlatforms) = preSolution
		Debug|Any CPU = Debug|Any CPU
		Release|Any CPU = Release|Any CPU
	EndGlobalSection
	GlobalSection(ProjectConfigurationPlatforms) = postSolution
		{F6F6DE66-B5C6-43B1-B473-E7354AE15AFE}.Debug|Any CPU.ActiveCfg = Debug|Any CPU
		{F6F6DE66-B5C6-43B1-B473-E7354AE15AFE}.Debug|Any CPU.Build.0 = Debug|Any CPU
		{F6F6DE66-B5C6-43B1-B473-E7354AE15AFE}.Release|Any CPU.ActiveCfg = Release|Any CPU
		{F6F6DE66-B5C6-43B1-B473-E7354AE15AFE}.Release|Any CPU.Build.0 = Release|Any CPU
	EndGlobalSection
	GlobalSection(SolutionProperties) = preSolution
		HideSolutionNode = FALSE
	EndGlobalSection
	GlobalSection(ExtensibilityGlobals) = postSolution
		SolutionGuid = {2C206159-240C-4584-A33B-B982FB1BF9D0}
	EndGlobalSection
EndGlobal
